
Microsoft Visual Studio Solution File, Format Version 12.00
# Visual Studio Version 16
VisualStudioVersion = 16.0.30907.101
MinimumVisualStudioVersion = 10.0.40219.1
Project("{9A19103F-16F7-4668-BE54-9A1E7A4F7556}") = "Core", "Core\Core.csproj", "{A0B8D926-C799-4F19-80F3-029EB846EC40}"
EndProject
Project("{9A19103F-16F7-4668-BE54-9A1E7A4F7556}") = "Core.IL", "Core.IL\Core.IL.csproj", "{9473B46E-6018-4F1E-90AF-53DCD0B636A3}"
EndProject
Project("{9A19103F-16F7-4668-BE54-9A1E7A4F7556}") = "Core.Test", "Core.Test\Core.Test.csproj", "{7E7CE726-955F-427C-8A5A-4665FB50D88C}"
EndProject
Project("{FAE04EC0-301F-11D3-BF4B-00C04F79EFBC}") = "Custom", "Custom\Custom.csproj", "{93E0301F-EA72-4A3A-917C-85165EC0A092}"
EndProject
Project("{FAE04EC0-301F-11D3-BF4B-00C04F79EFBC}") = "Custom.Test", "Custom.Test\Custom.Test.csproj", "{BA6831F0-1291-4C86-8389-2C2D5D1B91DB}"
EndProject
Global
	GlobalSection(SolutionConfigurationPlatforms) = preSolution
		Debug|Any CPU = Debug|Any CPU
		Release|Any CPU = Release|Any CPU
	EndGlobalSection
	GlobalSection(ProjectConfigurationPlatforms) = postSolution
		{A0B8D926-C799-4F19-80F3-029EB846EC40}.Debug|Any CPU.ActiveCfg = Debug|Any CPU
		{A0B8D926-C799-4F19-80F3-029EB846EC40}.Debug|Any CPU.Build.0 = Debug|Any CPU
		{A0B8D926-C799-4F19-80F3-029EB846EC40}.Release|Any CPU.ActiveCfg = Release|Any CPU
		{A0B8D926-C799-4F19-80F3-029EB846EC40}.Release|Any CPU.Build.0 = Release|Any CPU
		{9473B46E-6018-4F1E-90AF-53DCD0B636A3}.Debug|Any CPU.ActiveCfg = Debug|Any CPU
		{9473B46E-6018-4F1E-90AF-53DCD0B636A3}.Debug|Any CPU.Build.0 = Debug|Any CPU
		{9473B46E-6018-4F1E-90AF-53DCD0B636A3}.Release|Any CPU.ActiveCfg = Release|Any CPU
		{9473B46E-6018-4F1E-90AF-53DCD0B636A3}.Release|Any CPU.Build.0 = Release|Any CPU
		{7E7CE726-955F-427C-8A5A-4665FB50D88C}.Debug|Any CPU.ActiveCfg = Debug|Any CPU
		{7E7CE726-955F-427C-8A5A-4665FB50D88C}.Debug|Any CPU.Build.0 = Debug|Any CPU
		{7E7CE726-955F-427C-8A5A-4665FB50D88C}.Release|Any CPU.ActiveCfg = Release|Any CPU
		{7E7CE726-955F-427C-8A5A-4665FB50D88C}.Release|Any CPU.Build.0 = Release|Any CPU
		{93E0301F-EA72-4A3A-917C-85165EC0A092}.Debug|Any CPU.ActiveCfg = Debug|Any CPU
		{93E0301F-EA72-4A3A-917C-85165EC0A092}.Debug|Any CPU.Build.0 = Debug|Any CPU
		{93E0301F-EA72-4A3A-917C-85165EC0A092}.Release|Any CPU.ActiveCfg = Release|Any CPU
		{93E0301F-EA72-4A3A-917C-85165EC0A092}.Release|Any CPU.Build.0 = Release|Any CPU
		{BA6831F0-1291-4C86-8389-2C2D5D1B91DB}.Debug|Any CPU.ActiveCfg = Debug|Any CPU
		{BA6831F0-1291-4C86-8389-2C2D5D1B91DB}.Debug|Any CPU.Build.0 = Debug|Any CPU
		{BA6831F0-1291-4C86-8389-2C2D5D1B91DB}.Release|Any CPU.ActiveCfg = Release|Any CPU
		{BA6831F0-1291-4C86-8389-2C2D5D1B91DB}.Release|Any CPU.Build.0 = Release|Any CPU
	EndGlobalSection
	GlobalSection(SolutionProperties) = preSolution
		HideSolutionNode = FALSE
	EndGlobalSection
	GlobalSection(ExtensibilityGlobals) = postSolution
		SolutionGuid = {EAE87EAB-B13C-401F-8AD9-99DB63F0B305}
	EndGlobalSection
EndGlobal
