{
  "version": 1,
  "dependencies": {
    "net8.0": {
      "ICSharpCode.Decompiler": {
        "type": "Direct",
        "requested": "[8.2.0.7535, )",
        "resolved": "8.2.0.7535",
        "contentHash": "y4vSHtXCoTNISvvlxcskz+Hiw1vqY0kQsu0loO6nOsWwwZ60IxaTygEFapN2SuSB3SiswGPv535y/bV70Fm8hw==",
        "dependencies": {
          "System.Collections.Immutable": "6.0.0",
          "System.Reflection.Metadata": "6.0.0"
        }
      },
      "System.Collections.Immutable": {
        "type": "Transitive",
        "resolved": "6.0.0",
        "contentHash": "l4zZJ1WU2hqpQQHXz1rvC3etVZN+2DLmQMO79FhOTZHMn8tDRr+WU287sbomD0BETlmKDn0ygUgVy9k5xkkJdA==",
        "dependencies": {
          "System.Runtime.CompilerServices.Unsafe": "6.0.0"
        }
      },
      "System.Reflection.Metadata": {
        "type": "Transitive",
        "resolved": "6.0.0",
        "contentHash": "sffDOcex1C3HO5kDolOYcWXTwRpZY/LvJujM6SMjn63fWMJWchYAAmkoAJXlbpZ5yf4d+KMgxd+LeETa4gD9sQ==",
        "dependencies": {
          "System.Collections.Immutable": "6.0.0"
        }
      },
      "System.Runtime.CompilerServices.Unsafe": {
        "type": "Transitive",
        "resolved": "6.0.0",
        "contentHash": "/iUeP3tq1S0XdNNoMz5C9twLSrM/TH+qElHkXWaPvuNOt+99G75NrV0OS2EqHx5wMN7popYjpc8oTjC1y16DLg=="
      }
    }
  }
}